
Microsoft Visual Studio Solution File, Format Version 12.00
# Visual Studio Version 17
VisualStudioVersion = 17.3.32929.385
MinimumVisualStudioVersion = 10.0.40219.1
Project("{9A19103F-16F7-4668-BE54-9A1E7A4F7556}") = "ft", "ft\ft.csproj", "{B2B4238B-1055-4679-B7D5-7CCE2397098E}"
EndProject
Project("{FAE04EC0-301F-11D3-BF4B-00C04F79EFBC}") = "ft_tests", "ft_tests\ft_tests.csproj", "{461F72D2-6BDC-4D0E-82EE-59A811AB4844}"
EndProject
Global
	GlobalSection(SolutionConfigurationPlatforms) = preSolution
		Debug|Any CPU = Debug|Any CPU
		Release|Any CPU = Release|Any CPU
	EndGlobalSection
	GlobalSection(ProjectConfigurationPlatforms) = postSolution
		{B2B4238B-1055-4679-B7D5-7CCE2397098E}.Debug|Any CPU.ActiveCfg = Debug|Any CPU
		{B2B4238B-1055-4679-B7D5-7CCE2397098E}.Debug|Any CPU.Build.0 = Debug|Any CPU
		{B2B4238B-1055-4679-B7D5-7CCE2397098E}.Release|Any CPU.ActiveCfg = Release|Any CPU
		{B2B4238B-1055-4679-B7D5-7CCE2397098E}.Release|Any CPU.Build.0 = Release|Any CPU
		{461F72D2-6BDC-4D0E-82EE-59A811AB4844}.Debug|Any CPU.ActiveCfg = Debug|Any CPU
		{461F72D2-6BDC-4D0E-82EE-59A811AB4844}.Debug|Any CPU.Build.0 = Debug|Any CPU
		{461F72D2-6BDC-4D0E-82EE-59A811AB4844}.Release|Any CPU.ActiveCfg = Release|Any CPU
		{461F72D2-6BDC-4D0E-82EE-59A811AB4844}.Release|Any CPU.Build.0 = Release|Any CPU
	EndGlobalSection
	GlobalSection(SolutionProperties) = preSolution
		HideSolutionNode = FALSE
	EndGlobalSection
	GlobalSection(ExtensibilityGlobals) = postSolution
		SolutionGuid = {65108827-A7FC-4103-BF5D-2848D0459019}
	EndGlobalSection
EndGlobal
